# This file was autogenerated by Stack.
# You should not edit this file by hand.
# For more information, please see the documentation at:
#   https://docs.haskellstack.org/en/stable/lock_files

packages:
- completed:
    hackage: recover-rtti-0.4.1.0@sha256:31997127810799666b01f1202efd77033d4737ebd83232d5b2389d2f4b332cf5,4606
    pantry-tree:
      size: 2487
      sha256: 97ae15098c59f89ffbc43774e342d9b47aec6082fe3ef0f4554fd8a1908c0f1b
  original:
    hackage: recover-rtti-0.4.1.0@sha256:31997127810799666b01f1202efd77033d4737ebd83232d5b2389d2f4b332cf5,4606
snapshots:
- completed:
    size: 586286
    url: https://raw.githubusercontent.com/commercialhaskell/stackage-snapshots/master/lts/18/16.yaml
    sha256: cdead65fca0323144b346c94286186f4969bf85594d649c49c7557295675d8a5
  original: lts-18.16
